
Microsoft Visual Studio Solution File, Format Version 12.00
# Visual Studio Version 17
VisualStudioVersion = 17.11.35312.102
MinimumVisualStudioVersion = 10.0.40219.1
Project("{9A19103F-16F7-4668-BE54-9A1E7A4F7556}") = "RefDef", "RefDef\RefDef.csproj", "{6EB60F11-0D87-404C-BA40-21093E8F648C}"
EndProject
Project("{FAE04EC0-301F-11D3-BF4B-00C04F79EFBC}") = "RefDef.Web", "RefDef.Web\RefDef.Web.csproj", "{2B95C937-A941-4252-B966-C22F287BF587}"
EndProject
Global
	GlobalSection(SolutionConfigurationPlatforms) = preSolution
		Debug|Any CPU = Debug|Any CPU
		Release|Any CPU = Release|Any CPU
	EndGlobalSection
	GlobalSection(ProjectConfigurationPlatforms) = postSolution
		{6EB60F11-0D87-404C-BA40-21093E8F648C}.Debug|Any CPU.ActiveCfg = Debug|Any CPU
		{6EB60F11-0D87-404C-BA40-21093E8F648C}.Debug|Any CPU.Build.0 = Debug|Any CPU
		{6EB60F11-0D87-404C-BA40-21093E8F648C}.Release|Any CPU.ActiveCfg = Release|Any CPU
		{6EB60F11-0D87-404C-BA40-21093E8F648C}.Release|Any CPU.Build.0 = Release|Any CPU
		{2B95C937-A941-4252-B966-C22F287BF587}.Debug|Any CPU.ActiveCfg = Debug|Any CPU
		{2B95C937-A941-4252-B966-C22F287BF587}.Debug|Any CPU.Build.0 = Debug|Any CPU
		{2B95C937-A941-4252-B966-C22F287BF587}.Release|Any CPU.ActiveCfg = Release|Any CPU
		{2B95C937-A941-4252-B966-C22F287BF587}.Release|Any CPU.Build.0 = Release|Any CPU
	EndGlobalSection
	GlobalSection(SolutionProperties) = preSolution
		HideSolutionNode = FALSE
	EndGlobalSection
	GlobalSection(ExtensibilityGlobals) = postSolution
		SolutionGuid = {7EFAF610-D1B3-466B-882E-FF4912A39C3D}
	EndGlobalSection
EndGlobal
